<?xml version="1.0" encoding="UTF-8" standalone="yes" ?>
<CodeBlocks_project_file>
	<FileVersion major="1" minor="6" />
	<Project>
		<Option title="Project11" />
		<Option pch_mode="2" />
		<Option compiler="gcc" />
		<Build>
			<Target title="default">
				<Option output="Project11" prefix_auto="1" extension_auto="1" />
				<Option type="1" />
				<Option compiler="gcc" />
			</Target>
		</Build>
		<Unit filename="dateType_imp.cpp" />
		<Unit filename="dateType_int.h" />
		<Unit filename="main.cpp" />
		<Unit filename="panel_int.h" />
		<Unit filename="personType.cpp" />
		<Unit filename="personType.h" />
		<Unit filename="program.h" />
		<Unit filename="program_imp.cpp" />
		<Unit filename="studentType.cpp" />
		<Unit filename="studentType.h" />
		<Unit filename="template.h" />
		<Extensions>
			<lib_finder disable_auto="1" />
		</Extensions>
	</Project>
</CodeBlocks_project_file>
